<?xml version="1.0" encoding="UTF-8" standalone="yes" ?>
<CodeBlocks_project_file>
	<FileVersion major="1" minor="6" />
	<Project>
		<Option title="VanityTXID-Plugin" />
		<Option pch_mode="2" />
		<Option compiler="gcc" />
		<Build>
			<Target title="Release">
				<Option output="VanityTXID-Plugin" prefix_auto="1" extension_auto="1" />
				<Option type="1" />
				<Option compiler="gcc" />
				<Option parameters="07 00002c abcde 0100000001811a89e09c0e06d29d59c5b42432972b8b274212e439c5d77fe3a2c543000000000000007c000800000000000000004136dfa8821f2e7cb02e1edeadbe05ad963c900877b201986d38e2dc36f3a0456aef6794aea08d2a39958a86013c06a6a52191c905a6563c5b420d279e6ce3e2be412f21039eb296a68925e890502b54881b220bb108d1c0676236a3180d5eb398e81c4f90ac77770805000000008f5d9c75feffffff01fb3000000000000017a91400000009e62dc2a3eafd18b870ed16fff020a69d87b2e50a00" />
				<Option projectCompilerOptionsRelation="0" />
				<Compiler>
					<Add option="-O3" />
				</Compiler>
				<Linker>
					<Add option="-O3" />
					<Add option="-s" />
				</Linker>
			</Target>
		</Build>
		<Compiler>
			<Add option="-march=corei7-avx" />
			<Add option="-O3" />
			<Add option="-Wall" />
		</Compiler>
		<Linker>
			<Add option="-s" />
		</Linker>
		<Unit filename="VanityTXID.cpp" />
		<Unit filename="VanityTXID.rc">
			<Option compilerVar="WINDRES" />
		</Unit>
		<Extensions />
	</Project>
</CodeBlocks_project_file>
