<?xml version="1.0" encoding="UTF-8" standalone="yes" ?>
<CodeBlocks_project_file>
	<FileVersion major="1" minor="6" />
	<Project>
		<Option title="VanityTXID-Plugin" />
		<Option pch_mode="2" />
		<Option compiler="gcc" />
		<Build>
			<Target title="Release">
				<Option output="VanityTXID-Plugin" prefix_auto="1" extension_auto="1" />
				<Option type="1" />
				<Option compiler="gcc" />
				<Option parameters="07 00002c abcde 0100000001a96c3d19c0c5321d2495a35353f21130adbac51b9fad8f09011277d10600000000000000720008000000000000000041af400c445957e3f33c7fb53242c4ceb1d4e39151f67f51623f89fdcf36dd206f02c6d54f0dd84655740f5bcf03e1e9593edcbbe4be148ea0ca18f3ac03d1c68a412521039eb296a68925e890502b54881b220bb108d1c0676236a3180d5eb398e81c4f90ac7777feffffff010a2000000000000017a914f3aa0152467116c48638e01ff028256281f96989874bdb0a00" />
				<Option projectCompilerOptionsRelation="0" />
			</Target>
		</Build>
		<Compiler>
			<Add option="-march=corei7-avx" />
			<Add option="-O3" />
			<Add option="-Wall" />
		</Compiler>
		<Linker>
			<Add option="-s" />
		</Linker>
		<Unit filename="Icon.rc">
			<Option compilerVar="WINDRES" />
		</Unit>
		<Unit filename="main.cpp" />
		<Extensions />
	</Project>
</CodeBlocks_project_file>
